[[package]]
name = "coverage"
version = "6.1.2"
description = "Code coverage measurement for Python"
category = "main"
optional = false
python-versions = ">=3.6"

[package.extras]
toml = ["tomli"]

[[package]]
name = "nose2"
version = "0.10.0"
description = "unittest2 with plugins, the succesor to nose"
category = "main"
optional = false
python-versions = "*"

[package.dependencies]
coverage = ">=4.4.1"
six = ">=1.7"

[package.extras]
coverage_plugin = ["coverage (>=4.4.1)"]
dev = ["Sphinx (>=1.6.5)", "sphinx-rtd-theme", "mock", "coverage"]

[[package]]
name = "pygame"
version = "2.0.0"
description = "Python Game Development"
category = "main"
optional = false
python-versions = "*"

[[package]]
name = "six"
version = "1.16.0"
description = "Python 2 and 3 compatibility utilities"
category = "main"
optional = false
python-versions = ">=2.7, !=3.0.*, !=3.1.*, !=3.2.*"

[metadata]
lock-version = "1.1"
python-versions = "^3.8"
content-hash = "5724dcb1a7398181d4449c682bb8cc20a09d9b20cc09691175d6d83d84d5d3e4"

[metadata.files]
coverage = [
    {file = "coverage-6.1.2-cp310-cp310-macosx_10_9_x86_64.whl", hash = "sha256:675adb3b3380967806b3cbb9c5b00ceb29b1c472692100a338730c1d3e59c8b9"},
    {file = "coverage-6.1.2-cp310-cp310-manylinux_2_17_aarch64.manylinux2014_aarch64.whl", hash = "sha256:95a58336aa111af54baa451c33266a8774780242cab3704b7698d5e514840758"},
    {file = "coverage-6.1.2-cp310-cp310-manylinux_2_5_i686.manylinux1_i686.manylinux_2_12_i686.manylinux2010_i686.whl", hash = "sha256:d0a595a781f8e186580ff8e3352dd4953b1944289bec7705377c80c7e36c4d6c"},
    {file = "coverage-6.1.2-cp310-cp310-manylinux_2_5_x86_64.manylinux1_x86_64.manylinux_2_12_x86_64.manylinux2010_x86_64.whl", hash = "sha256:d3c5f49ce6af61154060640ad3b3281dbc46e2e0ef2fe78414d7f8a324f0b649"},
    {file = "coverage-6.1.2-cp310-cp310-musllinux_1_1_aarch64.whl", hash = "sha256:310c40bed6b626fd1f463e5a83dba19a61c4eb74e1ac0d07d454ebbdf9047e9d"},
    {file = "coverage-6.1.2-cp310-cp310-musllinux_1_1_i686.whl", hash = "sha256:a4d48e42e17d3de212f9af44f81ab73b9378a4b2b8413fd708d0d9023f2bbde4"},
    {file = "coverage-6.1.2-cp310-cp310-musllinux_1_1_x86_64.whl", hash = "sha256:ffa545230ca2ad921ad066bf8fd627e7be43716b6e0fcf8e32af1b8188ccb0ab"},
    {file = "coverage-6.1.2-cp310-cp310-win32.whl", hash = "sha256:cd2d11a59afa5001ff28073ceca24ae4c506da4355aba30d1e7dd2bd0d2206dc"},
    {file = "coverage-6.1.2-cp310-cp310-win_amd64.whl", hash = "sha256:96129e41405887a53a9cc564f960d7f853cc63d178f3a182fdd302e4cab2745b"},
    {file = "coverage-6.1.2-cp311-cp311-macosx_10_14_x86_64.whl", hash = "sha256:1de9c6f5039ee2b1860b7bad2c7bc3651fbeb9368e4c4d93e98a76358cdcb052"},
    {file = "coverage-6.1.2-cp311-cp311-manylinux_2_5_x86_64.manylinux1_x86_64.whl", hash = "sha256:80cb70264e9a1d04b519cdba3cd0dc42847bf8e982a4d55c769b9b0ee7cdce1e"},
    {file = "coverage-6.1.2-cp311-cp311-win_amd64.whl", hash = "sha256:ba6125d4e55c0b8e913dad27b22722eac7abdcb1f3eab1bd090eee9105660266"},
    {file = "coverage-6.1.2-cp36-cp36m-macosx_10_9_x86_64.whl", hash = "sha256:8492d37acdc07a6eac6489f6c1954026f2260a85a4c2bb1e343fe3d35f5ee21a"},
    {file = "coverage-6.1.2-cp36-cp36m-manylinux_2_17_aarch64.manylinux2014_aarch64.whl", hash = "sha256:66af99c7f7b64d050d37e795baadf515b4561124f25aae6e1baa482438ecc388"},
    {file = "coverage-6.1.2-cp36-cp36m-manylinux_2_5_i686.manylinux1_i686.manylinux_2_12_i686.manylinux2010_i686.whl", hash = "sha256:ebcc03e1acef4ff44f37f3c61df478d6e469a573aa688e5a162f85d7e4c3860d"},
    {file = "coverage-6.1.2-cp36-cp36m-manylinux_2_5_x86_64.manylinux1_x86_64.manylinux_2_12_x86_64.manylinux2010_x86_64.whl", hash = "sha256:98d44a8136eebbf544ad91fef5bd2b20ef0c9b459c65a833c923d9aa4546b204"},
    {file = "coverage-6.1.2-cp36-cp36m-musllinux_1_1_aarch64.whl", hash = "sha256:c18725f3cffe96732ef96f3de1939d81215fd6d7d64900dcc4acfe514ea4fcbf"},
    {file = "coverage-6.1.2-cp36-cp36m-musllinux_1_1_i686.whl", hash = "sha256:c8e9c4bcaaaa932be581b3d8b88b677489975f845f7714efc8cce77568b6711c"},
    {file = "coverage-6.1.2-cp36-cp36m-musllinux_1_1_x86_64.whl", hash = "sha256:06d009e8a29483cbc0520665bc46035ffe9ae0e7484a49f9782c2a716e37d0a0"},
    {file = "coverage-6.1.2-cp36-cp36m-win32.whl", hash = "sha256:e5432d9c329b11c27be45ee5f62cf20a33065d482c8dec1941d6670622a6fb8f"},
    {file = "coverage-6.1.2-cp36-cp36m-win_amd64.whl", hash = "sha256:82fdcb64bf08aa5db881db061d96db102c77397a570fbc112e21c48a4d9cb31b"},
    {file = "coverage-6.1.2-cp37-cp37m-macosx_10_9_x86_64.whl", hash = "sha256:94f558f8555e79c48c422045f252ef41eb43becdd945e9c775b45ebfc0cbd78f"},
    {file = "coverage-6.1.2-cp37-cp37m-manylinux_2_17_aarch64.manylinux2014_aarch64.whl", hash = "sha256:046647b96969fda1ae0605f61288635209dd69dcd27ba3ec0bf5148bc157f954"},
    {file = "coverage-6.1.2-cp37-cp37m-manylinux_2_5_i686.manylinux1_i686.manylinux_2_12_i686.manylinux2010_i686.whl", hash = "sha256:cc799916b618ec9fd00135e576424165691fec4f70d7dc12cfaef09268a2478c"},
    {file = "coverage-6.1.2-cp37-cp37m-manylinux_2_5_x86_64.manylinux1_x86_64.manylinux_2_12_x86_64.manylinux2010_x86_64.whl", hash = "sha256:62646d98cf0381ffda301a816d6ac6c35fc97aa81b09c4c52d66a15c4bef9d7c"},
    {file = "coverage-6.1.2-cp37-cp37m-musllinux_1_1_aarch64.whl", hash = "sha256:27a3df08a855522dfef8b8635f58bab81341b2fb5f447819bc252da3aa4cf44c"},
    {file = "coverage-6.1.2-cp37-cp37m-musllinux_1_1_i686.whl", hash = "sha256:610c0ba11da8de3a753dc4b1f71894f9f9debfdde6559599f303286e70aeb0c2"},
    {file = "coverage-6.1.2-cp37-cp37m-musllinux_1_1_x86_64.whl", hash = "sha256:35b246ae3a2c042dc8f410c94bcb9754b18179cdb81ff9477a9089dbc9ecc186"},
    {file = "coverage-6.1.2-cp37-cp37m-win32.whl", hash = "sha256:0cde7d9fe2fb55ff68ebe7fb319ef188e9b88e0a3d1c9c5db7dd829cd93d2193"},
    {file = "coverage-6.1.2-cp37-cp37m-win_amd64.whl", hash = "sha256:958ac66272ff20e63d818627216e3d7412fdf68a2d25787b89a5c6f1eb7fdd93"},
    {file = "coverage-6.1.2-cp38-cp38-macosx_10_9_x86_64.whl", hash = "sha256:a300b39c3d5905686c75a369d2a66e68fd01472ea42e16b38c948bd02b29e5bd"},
    {file = "coverage-6.1.2-cp38-cp38-manylinux_2_17_aarch64.manylinux2014_aarch64.whl", hash = "sha256:5d3855d5d26292539861f5ced2ed042fc2aa33a12f80e487053aed3bcb6ced13"},
    {file = "coverage-6.1.2-cp38-cp38-manylinux_2_5_i686.manylinux1_i686.manylinux_2_12_i686.manylinux2010_i686.whl", hash = "sha256:586d38dfc7da4a87f5816b203ff06dd7c1bb5b16211ccaa0e9788a8da2b93696"},
    {file = "coverage-6.1.2-cp38-cp38-manylinux_2_5_x86_64.manylinux1_x86_64.manylinux_2_12_x86_64.manylinux2010_x86_64.whl", hash = "sha256:a34fccb45f7b2d890183a263578d60a392a1a218fdc12f5bce1477a6a68d4373"},
    {file = "coverage-6.1.2-cp38-cp38-musllinux_1_1_aarch64.whl", hash = "sha256:bc1ee1318f703bc6c971da700d74466e9b86e0c443eb85983fb2a1bd20447263"},
    {file = "coverage-6.1.2-cp38-cp38-musllinux_1_1_i686.whl", hash = "sha256:3f546f48d5d80a90a266769aa613bc0719cb3e9c2ef3529d53f463996dd15a9d"},
    {file = "coverage-6.1.2-cp38-cp38-musllinux_1_1_x86_64.whl", hash = "sha256:fd92ece726055e80d4e3f01fff3b91f54b18c9c357c48fcf6119e87e2461a091"},
    {file = "coverage-6.1.2-cp38-cp38-win32.whl", hash = "sha256:24ed38ec86754c4d5a706fbd5b52b057c3df87901a8610d7e5642a08ec07087e"},
    {file = "coverage-6.1.2-cp38-cp38-win_amd64.whl", hash = "sha256:97ef6e9119bd39d60ef7b9cd5deea2b34869c9f0b9777450a7e3759c1ab09b9b"},
    {file = "coverage-6.1.2-cp39-cp39-macosx_10_9_x86_64.whl", hash = "sha256:6e5a8c947a2a89c56655ecbb789458a3a8e3b0cbf4c04250331df8f647b3de59"},
    {file = "coverage-6.1.2-cp39-cp39-manylinux_2_17_aarch64.manylinux2014_aarch64.whl", hash = "sha256:7a39590d1e6acf6a3c435c5d233f72f5d43b585f5be834cff1f21fec4afda225"},
    {file = "coverage-6.1.2-cp39-cp39-manylinux_2_5_i686.manylinux1_i686.manylinux_2_12_i686.manylinux2010_i686.whl", hash = "sha256:9d2c2e3ce7b8cc932a2f918186964bd44de8c84e2f9ef72dc616f5bb8be22e71"},
    {file = "coverage-6.1.2-cp39-cp39-manylinux_2_5_x86_64.manylinux1_x86_64.manylinux_2_12_x86_64.manylinux2010_x86_64.whl", hash = "sha256:3348865798c077c695cae00da0924136bb5cc501f236cfd6b6d9f7a3c94e0ec4"},
    {file = "coverage-6.1.2-cp39-cp39-win32.whl", hash = "sha256:fae3fe111670e51f1ebbc475823899524e3459ea2db2cb88279bbfb2a0b8a3de"},
    {file = "coverage-6.1.2-cp39-cp39-win_amd64.whl", hash = "sha256:af45eea024c0e3a25462fade161afab4f0d9d9e0d5a5d53e86149f74f0a35ecc"},
    {file = "coverage-6.1.2-pp36.pp37.pp38-none-any.whl", hash = "sha256:eab14fdd410500dae50fd14ccc332e65543e7b39f6fc076fe90603a0e5d2f929"},
    {file = "coverage-6.1.2.tar.gz", hash = "sha256:d9a635114b88c0ab462e0355472d00a180a5fbfd8511e7f18e4ac32652e7d972"},
]
nose2 = [
    {file = "nose2-0.10.0-py2.py3-none-any.whl", hash = "sha256:aa620e759f2c5018d9ba041340391913e282ecebd3c392027f1575847b093ec6"},
    {file = "nose2-0.10.0.tar.gz", hash = "sha256:886ba617a96de0130c54b24479bd5c2d74d5c940d40f3809c3a275511a0c4a60"},
]
pygame = [
    {file = "pygame-2.0.0-cp27-cp27m-macosx_10_9_intel.whl", hash = "sha256:697599838b559b9f6573c3064357b404d3fd7af145168e2f4e3ed551bc4400ec"},
    {file = "pygame-2.0.0-cp27-cp27m-win32.whl", hash = "sha256:411fa087a21f065d720d199b848652bf02d61cb39ff4d62745be37257fd84361"},
    {file = "pygame-2.0.0-cp27-cp27m-win_amd64.whl", hash = "sha256:6bd16df20e5b9bc82a4dae7342573a7917530c2e4713c576f2684ebc79a9aa73"},
    {file = "pygame-2.0.0-cp27-cp27mu-manylinux1_i686.whl", hash = "sha256:0ba624e8cc2056f0c8f7f819f2564284bb675dd9a8097e03762763a63f99e1b3"},
    {file = "pygame-2.0.0-cp27-cp27mu-manylinux1_x86_64.whl", hash = "sha256:a03f0357ad4a9daf6e70b239804b77088d0b1543fc32e672f97f38e35fb1c206"},
    {file = "pygame-2.0.0-cp35-cp35m-macosx_10_9_intel.whl", hash = "sha256:dc7cbfc0a0a0f1f8b1be4dbf0788a4ac7d3dd2991067e1cfd869c65c323a24a5"},
    {file = "pygame-2.0.0-cp35-cp35m-manylinux1_i686.whl", hash = "sha256:7c228e067b5e212acc2ee1412e2cf29f5900fd290b09556014aee74665ffaded"},
    {file = "pygame-2.0.0-cp35-cp35m-manylinux1_x86_64.whl", hash = "sha256:69f9452365eef5ef476eca2657dcc488d8f93423a2f6e80e6dc5ada9fa813d21"},
    {file = "pygame-2.0.0-cp35-cp35m-win32.whl", hash = "sha256:a7d298ebc7239dcf98e093b3510abc5279c8c7c149c60d2a8a81a1b44a671da3"},
    {file = "pygame-2.0.0-cp35-cp35m-win_amd64.whl", hash = "sha256:5450704eab972951cce02231e21dbbdffcf7e7c569cfb8d26346e2b18197ae0f"},
    {file = "pygame-2.0.0-cp36-cp36m-macosx_10_9_intel.whl", hash = "sha256:6f5b10de20a6d6a4c84371fd55d25038ef3fa3ceb1a20a61bcab1b1f2459a115"},
    {file = "pygame-2.0.0-cp36-cp36m-manylinux1_i686.whl", hash = "sha256:8a240f598c21a4d2218eaeccfdd77bf0d0f6789133a154b07667285157b95ffa"},
    {file = "pygame-2.0.0-cp36-cp36m-manylinux1_x86_64.whl", hash = "sha256:5ed4b00612b11c1ebbfbff1379616de2fa4d1acd9830232cc9a4a2ac2aa55e84"},
    {file = "pygame-2.0.0-cp36-cp36m-win32.whl", hash = "sha256:cb6dda696df8326eebf8514aa7d6e18977d37822241d8661069ca42a45f957d6"},
    {file = "pygame-2.0.0-cp36-cp36m-win_amd64.whl", hash = "sha256:d700ffe744efde7eba1709950066429bdd21e9eec2288e29d39c3a9f21a04a7c"},
    {file = "pygame-2.0.0-cp37-cp37m-macosx_10_9_intel.whl", hash = "sha256:b5ac39ef5453252cb4b4ce2956ad9832688476a7a99bbdee1a7e17bf40e0a11f"},
    {file = "pygame-2.0.0-cp37-cp37m-manylinux1_i686.whl", hash = "sha256:e716b3a5ca469959ad0d631cbb7846386741fc056968a3abb097ba5b43757214"},
    {file = "pygame-2.0.0-cp37-cp37m-manylinux1_x86_64.whl", hash = "sha256:abed99f21c11d7f8deb0b3a41e2e4b0d00a98c17c23edd4dd344f169b317a586"},
    {file = "pygame-2.0.0-cp37-cp37m-win32.whl", hash = "sha256:3a2e7a0e6377224d3956ac9791382f7baadf66957679be8a9cc493f488245584"},
    {file = "pygame-2.0.0-cp37-cp37m-win_amd64.whl", hash = "sha256:3d0be0275b1d4939c9c9074d879407f330cbac0c837cd0f4b24ab0377959f6da"},
    {file = "pygame-2.0.0-cp38-cp38-macosx_10_9_intel.whl", hash = "sha256:d768ff1f2dd3de84585a68b491821badc35b2c9c4453c6cbcf48949be99ea781"},
    {file = "pygame-2.0.0-cp38-cp38-manylinux1_i686.whl", hash = "sha256:4e58cc6f47412cf441a0c9b98dcb8141e1f2cdb6bbd0b00d1b89572d54195002"},
    {file = "pygame-2.0.0-cp38-cp38-manylinux1_x86_64.whl", hash = "sha256:00268b75204519628760030d256b17e557710a859fadf7cbf80ead80efc22779"},
    {file = "pygame-2.0.0-cp38-cp38-win32.whl", hash = "sha256:21f4e50c1f13e143c590a48e63644ed2d0cfb50f9ce699c5e8b7af7caaa5cbe3"},
    {file = "pygame-2.0.0-cp38-cp38-win_amd64.whl", hash = "sha256:2c2475f706e49b4a67d6958e5cce1157f3875083eba92ab298bdf7ba33780524"},
    {file = "pygame-2.0.0-cp39-cp39-macosx_10_9_intel.whl", hash = "sha256:87795c07c1de05150759b52e7bc3ccb38e76148ae8e40f07bf2b1368e7fabf0e"},
    {file = "pygame-2.0.0-cp39-cp39-manylinux1_i686.whl", hash = "sha256:d1b9279133bb9f1ff5e7f5369a7a25749279724f64428980f6cec58eb7ce18da"},
    {file = "pygame-2.0.0-cp39-cp39-manylinux1_x86_64.whl", hash = "sha256:9d10a197518f8b50d3a61b923762a37063b9d6e27d1abe5167bb3a762e816833"},
    {file = "pygame-2.0.0-cp39-cp39-win32.whl", hash = "sha256:579d2162591241dc98c80c796576bb93edbd8107a8a43e13a18bf3c9c0dfb446"},
    {file = "pygame-2.0.0-cp39-cp39-win_amd64.whl", hash = "sha256:e75fe7624d2fc03b93a706f4d8f8204cb9c83c8f16245553546b3bd0a733556c"},
    {file = "pygame-2.0.0-pp27-pypy_73-manylinux2010_i686.whl", hash = "sha256:1bc6e76e31e7ce6b734f12a06d975af2ef29da93e5ccbecbc8ed2d38d1bea8ea"},
    {file = "pygame-2.0.0-pp27-pypy_73-manylinux2010_x86_64.whl", hash = "sha256:19b66c7546261996e2533b922f78b04edc1901586d6e023af7ec0aef4d6d4a9f"},
    {file = "pygame-2.0.0-pp27-pypy_73-win32.whl", hash = "sha256:7ee08691262b1a22dfd28b9b0e126cfc0276b349ddfd7ef8964a0e54d000ab0e"},
    {file = "pygame-2.0.0-pp36-pypy36_pp73-macosx_10_9_intel.whl", hash = "sha256:e21e68b1110bea64ed1dee6e644b49423f9539fb3e29d27ca6c68011f999c8f9"},
    {file = "pygame-2.0.0-pp36-pypy36_pp73-manylinux2010_i686.whl", hash = "sha256:c2aea8cfa8156016d5316a601e804e8eacc77facd550d6bff893130f8f506a45"},
    {file = "pygame-2.0.0-pp36-pypy36_pp73-manylinux2010_x86_64.whl", hash = "sha256:db05ce075aed6a9ac6b5613f273eb134a643a7b910ded4f6395b09a7f24edacf"},
    {file = "pygame-2.0.0-pp36-pypy36_pp73-win32.whl", hash = "sha256:0fa2dfa9daacaa5533ab733c0fd038e319b83d685f92e986fe3233dd06e508e4"},
    {file = "pygame-2.0.0-pp37-pypy37_pp73-macosx_10_9_intel.whl", hash = "sha256:208fbc0f25a641b953c7ec1c537a3c0b43a4faf6a8f303be15d02e308c671bab"},
    {file = "pygame-2.0.0-pp37-pypy37_pp73-manylinux2010_i686.whl", hash = "sha256:e8effa8b5a8d2bb9c07dccb18337b07174d4956516978a35350bc23e254189cc"},
    {file = "pygame-2.0.0-pp37-pypy37_pp73-manylinux2010_x86_64.whl", hash = "sha256:5a3f0f436174e95027c60a37f06d84d25d2275de3255fe85846baa47c0e36e6b"},
    {file = "pygame-2.0.0.tar.gz", hash = "sha256:63b038da116a643046181b02173fd894d87d2f85ecfd6aa7d5ece73c6ef501e9"},
]
six = [
    {file = "six-1.16.0-py2.py3-none-any.whl", hash = "sha256:8abb2f1d86890a2dfb989f9a77cfcfd3e47c2a354b01111771326f8aa26e0254"},
    {file = "six-1.16.0.tar.gz", hash = "sha256:1e61c37477a1626458e36f7b1d82aa5c9b094fa4802892072e49de9c60c4c926"},
]
